github.com/joho/godotenv v1.3.0 h1:Zjp+RcGpHhGlrMbJzXTrZZPrWj+1vfm90La1wgB6Bhc=
github.com/joho/godotenv v1.3.0/go.mod h1:7hK45KPybAkOC6peb+G5yklZfMxEjkZhHbwpqxOKXbg=
gitlab.com/threetopia/envgo v1.0.1 h1:aTgJknTd1EWz4WqchVoD9/nOnmHIrhvIpjkFbcGSKjk=
gitlab.com/threetopia/envgo v1.0.1/go.mod h1:jZ75bpmIaubeeI8WvXUlx2wlzUudp1X4JrisjS//q20=
